
Microsoft Visual Studio Solution File, Format Version 12.00
# Visual Studio Version 17
VisualStudioVersion = 17.6.33723.286
MinimumVisualStudioVersion = 10.0.40219.1
Project("{FAE04EC0-301F-11D3-BF4B-00C04F79EFBC}") = "jobSearch", "jobSearch\jobSearch.csproj", "{3DE2AB72-C9BA-45B0-B675-EF063F7600EC}"
EndProject
Global
	GlobalSection(SolutionConfigurationPlatforms) = preSolution
		Debug|Any CPU = Debug|Any CPU
		Release|Any CPU = Release|Any CPU
	EndGlobalSection
	GlobalSection(ProjectConfigurationPlatforms) = postSolution
		{3DE2AB72-C9BA-45B0-B675-EF063F7600EC}.Debug|Any CPU.ActiveCfg = Debug|Any CPU
		{3DE2AB72-C9BA-45B0-B675-EF063F7600EC}.Debug|Any CPU.Build.0 = Debug|Any CPU
		{3DE2AB72-C9BA-45B0-B675-EF063F7600EC}.Release|Any CPU.ActiveCfg = Release|Any CPU
		{3DE2AB72-C9BA-45B0-B675-EF063F7600EC}.Release|Any CPU.Build.0 = Release|Any CPU
	EndGlobalSection
	GlobalSection(SolutionProperties) = preSolution
		HideSolutionNode = FALSE
	EndGlobalSection
	GlobalSection(ExtensibilityGlobals) = postSolution
		SolutionGuid = {D3709AEE-665B-4EED-AF45-B854BE131608}
	EndGlobalSection
EndGlobal
